github.com/alecthomas/assert/v2 v2.11.0 h1:2Q9r3ki8+JYXvGsDyBXwH3LcJ+WK5D0gc5E8vS6K3D0=
github.com/alecthomas/assert/v2 v2.11.0/go.mod h1:Bze95FyfUr7x34QZrjL+XP+0qgp/zg8yS+TtBj1WA3k=
github.com/alecthomas/kong v1.16.1 h1:ixhCt93XkJ98kGposQ54+bl0IK6XwqB40AsMynU7Z8E=
github.com/alecthomas/kong v1.16.1/go.mod h1:wrlbXem1CWqUV5Vbmss5ISYhsVPkBb1Yo7YKJghju2I=
github.com/alecthomas/repr v0.5.2 h1:SU73FTI9D1P5UNtvseffFSGmdNci/O6RsqzeXJtP0Qs=
github.com/alecthomas/repr v0.5.2/go.mod h1:Fr0507jx4eOXV7AlPV6AVZLYrLIuIeSOWtW57eE/O/4=
github.com/hexops/gotextdiff v1.0.3 h1:gitA9+qJrrTCsiCl7+kh75nPqQt1cx4ZkudSTLoUqJM=
github.com/hexops/gotextdiff v1.0.3/go.mod h1:pSWU5MAI3yDq+fZBTazCSJysOMbxWL1BSow5/V2vxeg=
github.com/lestrrat-go/dsig v1.4.0 h1:g7LUjK8cT74A5DzBXJI5HzsJuLhoYN0Wzj4nuOMIrH8=
github.com/lestrrat-go/dsig v1.4.0/go.mod h1:I8Nddg/vN2cUl/h8N7SRRApLnNNeyZPIqLYpvpOtGGo=
github.com/lestrrat-go/jwx/v4 v4.4.0 h1:CzoK8+u++WF7vVEmxx9fB8VaheeXWZ698F6HZbrl6SI=
github.com/lestrrat-go/jwx/v4 v4.4.0/go.mod h1:65utsGK/iSrjgGfu6iqj/TAvSfia6SSXkRpjHcKcTyg=
github.com/lestrrat-go/option/v3 v3.0.0-alpha1 h1:dvdzLwm/Ba5CJUF3jQP7w/iNYSLfy7yyh9XXNa1WjxI=
github.com/lestrrat-go/option/v3 v3.0.0-alpha1/go.mod h1:5KSg20dfsKkNJtjDmaQRLZVXuUrzuCCcz/gbDK0pfKk=
github.com/stretchr/objx v0.5.3 h1:jmXUvGomnU1o3W/V5h2VEradbpJDwGrzugQQvL0POH4=
github.com/stretchr/objx v0.5.3/go.mod h1:rDQraq+vQZU7Fde9LOZLr8Tax6zZvy4kuNKF+QYS+U0=
github.com/stretchr/testify v1.12.1 h1:EuwCh5fleGS7H32xRwO3wRGT7DxrDhLAT6FF8MpWDWE=
github.com/stretchr/testify v1.12.1/go.mod h1:MDEgiDPPsNp5cuIrHPPCyornHKgEVbtFUmoNlxoYthg=
github.com/valyala/fastjson v1.6.10 h1:/yjJg8jaVQdYR3arGxPE2X5z89xrlhS0eGXdv+ADTh4=
github.com/valyala/fastjson v1.6.10/go.mod h1:e6FubmQouUNP73jtMLmcbxS6ydWIpOfhz34TSfO3JaE=
go.uber.org/multierr v1.11.0 h1:blXXJkSxSSfBVBlC76pxqeO+LN3aDfLQo+309xJstO0=
go.uber.org/multierr v1.11.0/go.mod h1:20+QtiLqy0Nd6FdQB9TLXag12DsQkrbs3htMFfDN80Y=
go.yaml.in/yaml/v3 v3.0.5 h1:N6y/pJk8buWs9NY5ERU2HSMfm+IuD/OtfdAnq6kESPw=
go.yaml.in/yaml/v3 v3.0.5/go.mod h1:HVTZu1O7/Vkt2N+BFy8Zza+lnLsABggaTM2ZpNIGuKg=
golang.org/x/crypto v0.55.0 h1:+KWHjbgOaAQ66dh/YlkZKHlz9ZUlq61AFirAR9ntP8M=
golang.org/x/crypto v0.55.0/go.mod h1:uq0V9dE/fzQuJtbnL+2EhWOE63vo164FY8xqEnV9xis=
